
Microsoft Visual Studio Solution File, Format Version 12.00
# Visual Studio Version 16
VisualStudioVersion = 16.0.28803.156
MinimumVisualStudioVersion = 10.0.40219.1
Project("{FAE04EC0-301F-11D3-BF4B-00C04F79EFBC}") = "wpf_manager", "wpf_manager\wpf_manager.csproj", "{44E01DA7-FFE8-4482-9823-D2F9C759C533}"
EndProject
Project("{FAE04EC0-301F-11D3-BF4B-00C04F79EFBC}") = "ManagerHost", "ManagerHost\ManagerHost.csproj", "{DF9A611E-D5D6-45F9-8D90-37CF4332889A}"
EndProject
Project("{FAE04EC0-301F-11D3-BF4B-00C04F79EFBC}") = "ServiceClient", "ServiceClient\ServiceClient.csproj", "{A81E0869-C2AC-4826-A8AC-2A6A9F143D43}"
EndProject
Global
	GlobalSection(SolutionConfigurationPlatforms) = preSolution
		Debug|Any CPU = Debug|Any CPU
		Release|Any CPU = Release|Any CPU
	EndGlobalSection
	GlobalSection(ProjectConfigurationPlatforms) = postSolution
		{44E01DA7-FFE8-4482-9823-D2F9C759C533}.Debug|Any CPU.ActiveCfg = Debug|Any CPU
		{44E01DA7-FFE8-4482-9823-D2F9C759C533}.Debug|Any CPU.Build.0 = Debug|Any CPU
		{44E01DA7-FFE8-4482-9823-D2F9C759C533}.Release|Any CPU.ActiveCfg = Release|Any CPU
		{44E01DA7-FFE8-4482-9823-D2F9C759C533}.Release|Any CPU.Build.0 = Release|Any CPU
		{DF9A611E-D5D6-45F9-8D90-37CF4332889A}.Debug|Any CPU.ActiveCfg = Debug|Any CPU
		{DF9A611E-D5D6-45F9-8D90-37CF4332889A}.Debug|Any CPU.Build.0 = Debug|Any CPU
		{DF9A611E-D5D6-45F9-8D90-37CF4332889A}.Release|Any CPU.ActiveCfg = Release|Any CPU
		{DF9A611E-D5D6-45F9-8D90-37CF4332889A}.Release|Any CPU.Build.0 = Release|Any CPU
		{A81E0869-C2AC-4826-A8AC-2A6A9F143D43}.Debug|Any CPU.ActiveCfg = Debug|Any CPU
		{A81E0869-C2AC-4826-A8AC-2A6A9F143D43}.Debug|Any CPU.Build.0 = Debug|Any CPU
		{A81E0869-C2AC-4826-A8AC-2A6A9F143D43}.Release|Any CPU.ActiveCfg = Release|Any CPU
		{A81E0869-C2AC-4826-A8AC-2A6A9F143D43}.Release|Any CPU.Build.0 = Release|Any CPU
	EndGlobalSection
	GlobalSection(SolutionProperties) = preSolution
		HideSolutionNode = FALSE
	EndGlobalSection
	GlobalSection(ExtensibilityGlobals) = postSolution
		SolutionGuid = {1D1C6C9E-DE48-49B3-A026-EB7774299491}
	EndGlobalSection
EndGlobal
